// !$*UTF8*$!
{
	archiveVersion = 1;
	classes = {
	};
	objectVersion = 77;
	objects = {

/* Begin PBXContainerItemProxy section */
		4D69ECF02CA34C4800F878CC /* PBXContainerItemProxy */ = {
			isa = PBXContainerItemProxy;
			containerPortal = 4D69ECCE2CA34C4500F878CC /* Project object */;
			proxyType = 1;
			remoteGlobalIDString = 4D69ECD52CA34C4500F878CC;
			remoteInfo = LastStandDefense;
		};
		4D69ECFA2CA34C4800F878CC /* PBXContainerItemProxy */ = {
			isa = PBXContainerItemProxy;
			containerPortal = 4D69ECCE2CA34C4500F878CC /* Project object */;
			proxyType = 1;
			remoteGlobalIDString = 4D69ECD52CA34C4500F878CC;
			remoteInfo = LastStandDefense;
		};
/* End PBXContainerItemProxy section */

/* Begin PBXFileReference section */
		4D69ECD62CA34C4500F878CC /* LastStandDefense.app */ = {isa = PBXFileReference; explicitFileType = wrapper.application; includeInIndex = 0; path = LastStandDefense.app; sourceTree = BUILT_PRODUCTS_DIR; };
		4D69ECEF2CA34C4800F878CC /* LastStandDefenseTests.xctest */ = {isa = PBXFileReference; explicitFileType = wrapper.cfbundle; includeInIndex = 0; path = LastStandDefenseTests.xctest; sourceTree = BUILT_PRODUCTS_DIR; };
		4D69ECF92CA34C4800F878CC /* LastStandDefenseUITests.xctest */ = {isa = PBXFileReference; explicitFileType = wrapper.cfbundle; includeInIndex = 0; path = LastStandDefenseUITests.xctest; sourceTree = BUILT_PRODUCTS_DIR; };
/* End PBXFileReference section */

/* Begin PBXFileSystemSynchronizedRootGroup section */
		4D69ECD82CA34C4500F878CC /* LastStandDefense */ = {
			isa = PBXFileSystemSynchronizedRootGroup;
			path = LastStandDefense;
			sourceTree = "<group>";
		};
		4D69ECF22CA34C4800F878CC /* LastStandDefenseTests */ = {
			isa = PBXFileSystemSynchronizedRootGroup;
			path = LastStandDefenseTests;
			sourceTree = "<group>";
		};
		4D69ECFC2CA34C4800F878CC /* LastStandDefenseUITests */ = {
			isa = PBXFileSystemSynchronizedRootGroup;
			path = LastStandDefenseUITests;
			sourceTree = "<group>";
		};
/* End PBXFileSystemSynchronizedRootGroup section */

/* Begin PBXFrameworksBuildPhase section */
		4D69ECD32CA34C4500F878CC /* Frameworks */ = {
			isa = PBXFrameworksBuildPhase;
			buildActionMask = 2147483647;
			files = (
			);
			runOnlyForDeploymentPostprocessing = 0;
		};
		4D69ECEC2CA34C4800F878CC /* Frameworks */ = {
			isa = PBXFrameworksBuildPhase;
			buildActionMask = 2147483647;
			files = (
			);
			runOnlyForDeploymentPostprocessing = 0;
		};
		4D69ECF62CA34C4800F878CC /* Frameworks */ = {
			isa = PBXFrameworksBuildPhase;
			buildActionMask = 2147483647;
			files = (
			);
			runOnlyForDeploymentPostprocessing = 0;
		};
/* End PBXFrameworksBuildPhase section */

/* Begin PBXGroup section */
		4D69ECCD2CA34C4500F878CC = {
			isa = PBXGroup;
			children = (
				4D69ECD82CA34C4500F878CC /* LastStandDefense */,
				4D69ECF22CA34C4800F878CC /* LastStandDefenseTests */,
				4D69ECFC2CA34C4800F878CC /* LastStandDefenseUITests */,
				4D69ECD72CA34C4500F878CC /* Products */,
			);
			sourceTree = "<group>";
		};
		4D69ECD72CA34C4500F878CC /* Products */ = {
			isa = PBXGroup;
			children = (
				4D69ECD62CA34C4500F878CC /* LastStandDefense.app */,
				4D69ECEF2CA34C4800F878CC /* LastStandDefenseTests.xctest */,
				4D69ECF92CA34C4800F878CC /* LastStandDefenseUITests.xctest */,
			);
			name = Products;
			sourceTree = "<group>";
		};
/* End PBXGroup section */

/* Begin PBXNativeTarget section */
		4D69ECD52CA34C4500F878CC /* LastStandDefense */ = {
			isa = PBXNativeTarget;
			buildConfigurationList = 4D69ED032CA34C4800F878CC /* Build configuration list for PBXNativeTarget "LastStandDefense" */;
			buildPhases = (
				4D69ECD22CA34C4500F878CC /* Sources */,
				4D69ECD32CA34C4500F878CC /* Frameworks */,
				4D69ECD42CA34C4500F878CC /* Resources */,
			);
			buildRules = (
			);
			dependencies = (
			);
			fileSystemSynchronizedGroups = (
				4D69ECD82CA34C4500F878CC /* LastStandDefense */,
			);
			name = LastStandDefense;
			packageProductDependencies = (
			);
			productName = LastStandDefense;
			productReference = 4D69ECD62CA34C4500F878CC /* LastStandDefense.app */;
			productType = "com.apple.product-type.application";
		};
		4D69ECEE2CA34C4800F878CC /* LastStandDefenseTests */ = {
			isa = PBXNativeTarget;
			buildConfigurationList = 4D69ED062CA34C4800F878CC /* Build configuration list for PBXNativeTarget "LastStandDefenseTests" */;
			buildPhases = (
				4D69ECEB2CA34C4800F878CC /* Sources */,
				4D69ECEC2CA34C4800F878CC /* Frameworks */,
				4D69ECED2CA34C4800F878CC /* Resources */,
			);
			buildRules = (
			);
			dependencies = (
				4D69ECF12CA34C4800F878CC /* PBXTargetDependency */,
			);
			fileSystemSynchronizedGroups = (
				4D69ECF22CA34C4800F878CC /* LastStandDefenseTests */,
			);
			name = LastStandDefenseTests;
			packageProductDependencies = (
			);
			productName = LastStandDefenseTests;
			productReference = 4D69ECEF2CA34C4800F878CC /* LastStandDefenseTests.xctest */;
			productType = "com.apple.product-type.bundle.unit-test";
		};
		4D69ECF82CA34C4800F878CC /* LastStandDefenseUITests */ = {
			isa = PBXNativeTarget;
			buildConfigurationList = 4D69ED092CA34C4800F878CC /* Build configuration list for PBXNativeTarget "LastStandDefenseUITests" */;
			buildPhases = (
				4D69ECF52CA34C4800F878CC /* Sources */,
				4D69ECF62CA34C4800F878CC /* Frameworks */,
				4D69ECF72CA34C4800F878CC /* Resources */,
			);
			buildRules = (
			);
			dependencies = (
				4D69ECFB2CA34C4800F878CC /* PBXTargetDependency */,
			);
			fileSystemSynchronizedGroups = (
				4D69ECFC2CA34C4800F878CC /* LastStandDefenseUITests */,
			);
			name = LastStandDefenseUITests;
			packageProductDependencies = (
			);
			productName = LastStandDefenseUITests;
			productReference = 4D69ECF92CA34C4800F878CC /* LastStandDefenseUITests.xctest */;
			productType = "com.apple.product-type.bundle.ui-testing";
		};
/* End PBXNativeTarget section */

/* Begin PBXProject section */
		4D69ECCE2CA34C4500F878CC /* Project object */ = {
			isa = PBXProject;
			attributes = {
				BuildIndependentTargetsInParallel = 1;
				LastSwiftUpdateCheck = 1600;
				LastUpgradeCheck = 1600;
				TargetAttributes = {
					4D69ECD52CA34C4500F878CC = {
						CreatedOnToolsVersion = 16.0;
					};
					4D69ECEE2CA34C4800F878CC = {
						CreatedOnToolsVersion = 16.0;
						TestTargetID = 4D69ECD52CA34C4500F878CC;
					};
					4D69ECF82CA34C4800F878CC = {
						CreatedOnToolsVersion = 16.0;
						TestTargetID = 4D69ECD52CA34C4500F878CC;
					};
				};
			};
			buildConfigurationList = 4D69ECD12CA34C4500F878CC /* Build configuration list for PBXProject "LastStandDefense" */;
			developmentRegion = en;
			hasScannedForEncodings = 0;
			knownRegions = (
				en,
				Base,
			);
			mainGroup = 4D69ECCD2CA34C4500F878CC;
			minimizedProjectReferenceProxies = 1;
			preferredProjectObjectVersion = 77;
			productRefGroup = 4D69ECD72CA34C4500F878CC /* Products */;
			projectDirPath = "";
			projectRoot = "";
			targets = (
				4D69ECD52CA34C4500F878CC /* LastStandDefense */,
				4D69ECEE2CA34C4800F878CC /* LastStandDefenseTests */,
				4D69ECF82CA34C4800F878CC /* LastStandDefenseUITests */,
			);
		};
/* End PBXProject section */

/* Begin PBXResourcesBuildPhase section */
		4D69ECD42CA34C4500F878CC /* Resources */ = {
			isa = PBXResourcesBuildPhase;
			buildActionMask = 2147483647;
			files = (
			);
			runOnlyForDeploymentPostprocessing = 0;
		};
		4D69ECED2CA34C4800F878CC /* Resources */ = {
			isa = PBXResourcesBuildPhase;
			buildActionMask = 2147483647;
			files = (
			);
			runOnlyForDeploymentPostprocessing = 0;
		};
		4D69ECF72CA34C4800F878CC /* Resources */ = {
			isa = PBXResourcesBuildPhase;
			buildActionMask = 2147483647;
			files = (
			);
			runOnlyForDeploymentPostprocessing = 0;
		};
/* End PBXResourcesBuildPhase section */

/* Begin PBXSourcesBuildPhase section */
		4D69ECD22CA34C4500F878CC /* Sources */ = {
			isa = PBXSourcesBuildPhase;
			buildActionMask = 2147483647;
			files = (
			);
			runOnlyForDeploymentPostprocessing = 0;
		};
		4D69ECEB2CA34C4800F878CC /* Sources */ = {
			isa = PBXSourcesBuildPhase;
			buildActionMask = 2147483647;
			files = (
			);
			runOnlyForDeploymentPostprocessing = 0;
		};
		4D69ECF52CA34C4800F878CC /* Sources */ = {
			isa = PBXSourcesBuildPhase;
			buildActionMask = 2147483647;
			files = (
			);
			runOnlyForDeploymentPostprocessing = 0;
		};
/* End PBXSourcesBuildPhase section */

/* Begin PBXTargetDependency section */
		4D69ECF12CA34C4800F878CC /* PBXTargetDependency */ = {
			isa = PBXTargetDependency;
			target = 4D69ECD52CA34C4500F878CC /* LastStandDefense */;
			targetProxy = 4D69ECF02CA34C4800F878CC /* PBXContainerItemProxy */;
		};
		4D69ECFB2CA34C4800F878CC /* PBXTargetDependency */ = {
			isa = PBXTargetDependency;
			target = 4D69ECD52CA34C4500F878CC /* LastStandDefense */;
			targetProxy = 4D69ECFA2CA34C4800F878CC /* PBXContainerItemProxy */;
		};
/* End PBXTargetDependency section */

/* Begin XCBuildConfiguration section */
		4D69ED012CA34C4800F878CC /* Debug */ = {
			isa = XCBuildConfiguration;
			buildSettings = {
				ALWAYS_SEARCH_USER_PATHS = NO;
				ASSETCATALOG_COMPILER_GENERATE_SWIFT_ASSET_SYMBOL_EXTENSIONS = YES;
				CLANG_ANALYZER_NONNULL = YES;
				CLANG_ANALYZER_NUMBER_OBJECT_CONVERSION = YES_AGGRESSIVE;
				CLANG_CXX_LANGUAGE_STANDARD = "gnu++20";
				CLANG_ENABLE_MODULES = YES;
				CLANG_ENABLE_OBJC_ARC = YES;
				CLANG_ENABLE_OBJC_WEAK = YES;
				CLANG_WARN_BLOCK_CAPTURE_AUTORELEASING = YES;
				CLANG_WARN_BOOL_CONVERSION = YES;
				CLANG_WARN_COMMA = YES;
				CLANG_WARN_CONSTANT_CONVERSION = YES;
				CLANG_WARN_DEPRECATED_OBJC_IMPLEMENTATIONS = YES;
				CLANG_WARN_DIRECT_OBJC_ISA_USAGE = YES_ERROR;
				CLANG_WARN_DOCUMENTATION_COMMENTS = YES;
				CLANG_WARN_EMPTY_BODY = YES;
				CLANG_WARN_ENUM_CONVERSION = YES;
				CLANG_WARN_INFINITE_RECURSION = YES;
				CLANG_WARN_INT_CONVERSION = YES;
				CLANG_WARN_NON_LITERAL_NULL_CONVERSION = YES;
				CLANG_WARN_OBJC_IMPLICIT_RETAIN_SELF = YES;
				CLANG_WARN_OBJC_LITERAL_CONVERSION = YES;
				CLANG_WARN_OBJC_ROOT_CLASS = YES_ERROR;
				CLANG_WARN_QUOTED_INCLUDE_IN_FRAMEWORK_HEADER = YES;
				CLANG_WARN_RANGE_LOOP_ANALYSIS = YES;
				CLANG_WARN_STRICT_PROTOTYPES = YES;
				CLANG_WARN_SUSPICIOUS_MOVE = YES;
				CLANG_WARN_UNGUARDED_AVAILABILITY = YES_AGGRESSIVE;
				CLANG_WARN_UNREACHABLE_CODE = YES;
				CLANG_WARN__DUPLICATE_METHOD_MATCH = YES;
				COPY_PHASE_STRIP = NO;
				DEBUG_INFORMATION_FORMAT = dwarf;
				ENABLE_STRICT_OBJC_MSGSEND = YES;
				ENABLE_TESTABILITY = YES;
				ENABLE_USER_SCRIPT_SANDBOXING = YES;
				GCC_C_LANGUAGE_STANDARD = gnu17;
				GCC_DYNAMIC_NO_PIC = NO;
				GCC_NO_COMMON_BLOCKS = YES;
				GCC_OPTIMIZATION_LEVEL = 0;
				GCC_PREPROCESSOR_DEFINITIONS = (
					"DEBUG=1",
					"$(inherited)",
				);
				GCC_WARN_64_TO_32_BIT_CONVERSION = YES;
				GCC_WARN_ABOUT_RETURN_TYPE = YES_ERROR;
				GCC_WARN_UNDECLARED_SELECTOR = YES;
				GCC_WARN_UNINITIALIZED_AUTOS = YES_AGGRESSIVE;
				GCC_WARN_UNUSED_FUNCTION = YES;
				GCC_WARN_UNUSED_VARIABLE = YES;
				IPHONEOS_DEPLOYMENT_TARGET = 18.0;
				LOCALIZATION_PREFERS_STRING_CATALOGS = YES;
				MTL_ENABLE_DEBUG_INFO = INCLUDE_SOURCE;
				MTL_FAST_MATH = YES;
				ONLY_ACTIVE_ARCH = YES;
				SDKROOT = iphoneos;
				SWIFT_ACTIVE_COMPILATION_CONDITIONS = "DEBUG $(inherited)";
				SWIFT_OPTIMIZATION_LEVEL = "-Onone";
			};
			name = Debug;
		};
		4D69ED022CA34C4800F878CC /* Release */ = {
			isa = XCBuildConfiguration;
			buildSettings = {
				ALWAYS_SEARCH_USER_PATHS = NO;
				ASSETCATALOG_COMPILER_GENERATE_SWIFT_ASSET_SYMBOL_EXTENSIONS = YES;
				CLANG_ANALYZER_NONNULL = YES;
				CLANG_ANALYZER_NUMBER_OBJECT_CONVERSION = YES_AGGRESSIVE;
				CLANG_CXX_LANGUAGE_STANDARD = "gnu++20";
				CLANG_ENABLE_MODULES = YES;
				CLANG_ENABLE_OBJC_ARC = YES;
				CLANG_ENABLE_OBJC_WEAK = YES;
				CLANG_WARN_BLOCK_CAPTURE_AUTORELEASING = YES;
				CLANG_WARN_BOOL_CONVERSION = YES;
				CLANG_WARN_COMMA = YES;
				CLANG_WARN_CONSTANT_CONVERSION = YES;
				CLANG_WARN_DEPRECATED_OBJC_IMPLEMENTATIONS = YES;
				CLANG_WARN_DIRECT_OBJC_ISA_USAGE = YES_ERROR;
				CLANG_WARN_DOCUMENTATION_COMMENTS = YES;
				CLANG_WARN_EMPTY_BODY = YES;
				CLANG_WARN_ENUM_CONVERSION = YES;
				CLANG_WARN_INFINITE_RECURSION = YES;
				CLANG_WARN_INT_CONVERSION = YES;
				CLANG_WARN_NON_LITERAL_NULL_CONVERSION = YES;
				CLANG_WARN_OBJC_IMPLICIT_RETAIN_SELF = YES;
				CLANG_WARN_OBJC_LITERAL_CONVERSION = YES;
				CLANG_WARN_OBJC_ROOT_CLASS = YES_ERROR;
				CLANG_WARN_QUOTED_INCLUDE_IN_FRAMEWORK_HEADER = YES;
				CLANG_WARN_RANGE_LOOP_ANALYSIS = YES;
				CLANG_WARN_STRICT_PROTOTYPES = YES;
				CLANG_WARN_SUSPICIOUS_MOVE = YES;
				CLANG_WARN_UNGUARDED_AVAILABILITY = YES_AGGRESSIVE;
				CLANG_WARN_UNREACHABLE_CODE = YES;
				CLANG_WARN__DUPLICATE_METHOD_MATCH = YES;
				COPY_PHASE_STRIP = NO;
				DEBUG_INFORMATION_FORMAT = "dwarf-with-dsym";
				ENABLE_NS_ASSERTIONS = NO;
				ENABLE_STRICT_OBJC_MSGSEND = YES;
				ENABLE_USER_SCRIPT_SANDBOXING = YES;
				GCC_C_LANGUAGE_STANDARD = gnu17;
				GCC_NO_COMMON_BLOCKS = YES;
				GCC_WARN_64_TO_32_BIT_CONVERSION = YES;
				GCC_WARN_ABOUT_RETURN_TYPE = YES_ERROR;
				GCC_WARN_UNDECLARED_SELECTOR = YES;
				GCC_WARN_UNINITIALIZED_AUTOS = YES_AGGRESSIVE;
				GCC_WARN_UNUSED_FUNCTION = YES;
				GCC_WARN_UNUSED_VARIABLE = YES;
				IPHONEOS_DEPLOYMENT_TARGET = 18.0;
				LOCALIZATION_PREFERS_STRING_CATALOGS = YES;
				MTL_ENABLE_DEBUG_INFO = NO;
				MTL_FAST_MATH = YES;
				SDKROOT = iphoneos;
				SWIFT_COMPILATION_MODE = wholemodule;
				VALIDATE_PRODUCT = YES;
			};
			name = Release;
		};
		4D69ED042CA34C4800F878CC /* Debug */ = {
			isa = XCBuildConfiguration;
			buildSettings = {
				ASSETCATALOG_COMPILER_APPICON_NAME = AppIcon;
				ASSETCATALOG_COMPILER_GLOBAL_ACCENT_COLOR_NAME = AccentColor;
				CODE_SIGN_STYLE = Automatic;
				CURRENT_PROJECT_VERSION = 1;
				DEVELOPMENT_TEAM = 4P4LGF2J9G;
				GENERATE_INFOPLIST_FILE = YES;
				INFOPLIST_KEY_UIApplicationSupportsIndirectInputEvents = YES;
				INFOPLIST_KEY_UILaunchStoryboardName = LaunchScreen;
				INFOPLIST_KEY_UIMainStoryboardFile = Main;
				INFOPLIST_KEY_UIStatusBarHidden = YES;
				INFOPLIST_KEY_UISupportedInterfaceOrientations_iPad = "UIInterfaceOrientationPortrait UIInterfaceOrientationPortraitUpsideDown UIInterfaceOrientationLandscapeLeft UIInterfaceOrientationLandscapeRight";
				INFOPLIST_KEY_UISupportedInterfaceOrientations_iPhone = "UIInterfaceOrientationPortrait UIInterfaceOrientationLandscapeLeft UIInterfaceOrientationLandscapeRight";
				LD_RUNPATH_SEARCH_PATHS = (
					"$(inherited)",
					"@executable_path/Frameworks",
				);
				MARKETING_VERSION = 1.0;
				PRODUCT_BUNDLE_IDENTIFIER = self.LastStandDefense;
				PRODUCT_NAME = "$(TARGET_NAME)";
				SWIFT_EMIT_LOC_STRINGS = YES;
				SWIFT_VERSION = 5.0;
				TARGETED_DEVICE_FAMILY = "1,2";
			};
			name = Debug;
		};
		4D69ED052CA34C4800F878CC /* Release */ = {
			isa = XCBuildConfiguration;
			buildSettings = {
				ASSETCATALOG_COMPILER_APPICON_NAME = AppIcon;
				ASSETCATALOG_COMPILER_GLOBAL_ACCENT_COLOR_NAME = AccentColor;
				CODE_SIGN_STYLE = Automatic;
				CURRENT_PROJECT_VERSION = 1;
				DEVELOPMENT_TEAM = 4P4LGF2J9G;
				GENERATE_INFOPLIST_FILE = YES;
				INFOPLIST_KEY_UIApplicationSupportsIndirectInputEvents = YES;
				INFOPLIST_KEY_UILaunchStoryboardName = LaunchScreen;
				INFOPLIST_KEY_UIMainStoryboardFile = Main;
				INFOPLIST_KEY_UIStatusBarHidden = YES;
				INFOPLIST_KEY_UISupportedInterfaceOrientations_iPad = "UIInterfaceOrientationPortrait UIInterfaceOrientationPortraitUpsideDown UIInterfaceOrientationLandscapeLeft UIInterfaceOrientationLandscapeRight";
				INFOPLIST_KEY_UISupportedInterfaceOrientations_iPhone = "UIInterfaceOrientationPortrait UIInterfaceOrientationLandscapeLeft UIInterfaceOrientationLandscapeRight";
				LD_RUNPATH_SEARCH_PATHS = (
					"$(inherited)",
					"@executable_path/Frameworks",
				);
				MARKETING_VERSION = 1.0;
				PRODUCT_BUNDLE_IDENTIFIER = self.LastStandDefense;
				PRODUCT_NAME = "$(TARGET_NAME)";
				SWIFT_EMIT_LOC_STRINGS = YES;
				SWIFT_VERSION = 5.0;
				TARGETED_DEVICE_FAMILY = "1,2";
			};
			name = Release;
		};
		4D69ED072CA34C4800F878CC /* Debug */ = {
			isa = XCBuildConfiguration;
			buildSettings = {
				BUNDLE_LOADER = "$(TEST_HOST)";
				CODE_SIGN_STYLE = Automatic;
				CURRENT_PROJECT_VERSION = 1;
				DEVELOPMENT_TEAM = 4P4LGF2J9G;
				GENERATE_INFOPLIST_FILE = YES;
				IPHONEOS_DEPLOYMENT_TARGET = 18.0;
				MARKETING_VERSION = 1.0;
				PRODUCT_BUNDLE_IDENTIFIER = self.LastStandDefenseTests;
				PRODUCT_NAME = "$(TARGET_NAME)";
				SWIFT_EMIT_LOC_STRINGS = NO;
				SWIFT_VERSION = 5.0;
				TARGETED_DEVICE_FAMILY = "1,2";
				TEST_HOST = "$(BUILT_PRODUCTS_DIR)/LastStandDefense.app/$(BUNDLE_EXECUTABLE_FOLDER_PATH)/LastStandDefense";
			};
			name = Debug;
		};
		4D69ED082CA34C4800F878CC /* Release */ = {
			isa = XCBuildConfiguration;
			buildSettings = {
				BUNDLE_LOADER = "$(TEST_HOST)";
				CODE_SIGN_STYLE = Automatic;
				CURRENT_PROJECT_VERSION = 1;
				DEVELOPMENT_TEAM = 4P4LGF2J9G;
				GENERATE_INFOPLIST_FILE = YES;
				IPHONEOS_DEPLOYMENT_TARGET = 18.0;
				MARKETING_VERSION = 1.0;
				PRODUCT_BUNDLE_IDENTIFIER = self.LastStandDefenseTests;
				PRODUCT_NAME = "$(TARGET_NAME)";
				SWIFT_EMIT_LOC_STRINGS = NO;
				SWIFT_VERSION = 5.0;
				TARGETED_DEVICE_FAMILY = "1,2";
				TEST_HOST = "$(BUILT_PRODUCTS_DIR)/LastStandDefense.app/$(BUNDLE_EXECUTABLE_FOLDER_PATH)/LastStandDefense";
			};
			name = Release;
		};
		4D69ED0A2CA34C4800F878CC /* Debug */ = {
			isa = XCBuildConfiguration;
			buildSettings = {
				CODE_SIGN_STYLE = Automatic;
				CURRENT_PROJECT_VERSION = 1;
				DEVELOPMENT_TEAM = 4P4LGF2J9G;
				GENERATE_INFOPLIST_FILE = YES;
				MARKETING_VERSION = 1.0;
				PRODUCT_BUNDLE_IDENTIFIER = self.LastStandDefenseUITests;
				PRODUCT_NAME = "$(TARGET_NAME)";
				SWIFT_EMIT_LOC_STRINGS = NO;
				SWIFT_VERSION = 5.0;
				TARGETED_DEVICE_FAMILY = "1,2";
				TEST_TARGET_NAME = LastStandDefense;
			};
			name = Debug;
		};
		4D69ED0B2CA34C4800F878CC /* Release */ = {
			isa = XCBuildConfiguration;
			buildSettings = {
				CODE_SIGN_STYLE = Automatic;
				CURRENT_PROJECT_VERSION = 1;
				DEVELOPMENT_TEAM = 4P4LGF2J9G;
				GENERATE_INFOPLIST_FILE = YES;
				MARKETING_VERSION = 1.0;
				PRODUCT_BUNDLE_IDENTIFIER = self.LastStandDefenseUITests;
				PRODUCT_NAME = "$(TARGET_NAME)";
				SWIFT_EMIT_LOC_STRINGS = NO;
				SWIFT_VERSION = 5.0;
				TARGETED_DEVICE_FAMILY = "1,2";
				TEST_TARGET_NAME = LastStandDefense;
			};
			name = Release;
		};
/* End XCBuildConfiguration section */

/* Begin XCConfigurationList section */
		4D69ECD12CA34C4500F878CC /* Build configuration list for PBXProject "LastStandDefense" */ = {
			isa = XCConfigurationList;
			buildConfigurations = (
				4D69ED012CA34C4800F878CC /* Debug */,
				4D69ED022CA34C4800F878CC /* Release */,
			);
			defaultConfigurationIsVisible = 0;
			defaultConfigurationName = Release;
		};
		4D69ED032CA34C4800F878CC /* Build configuration list for PBXNativeTarget "LastStandDefense" */ = {
			isa = XCConfigurationList;
			buildConfigurations = (
				4D69ED042CA34C4800F878CC /* Debug */,
				4D69ED052CA34C4800F878CC /* Release */,
			);
			defaultConfigurationIsVisible = 0;
			defaultConfigurationName = Release;
		};
		4D69ED062CA34C4800F878CC /* Build configuration list for PBXNativeTarget "LastStandDefenseTests" */ = {
			isa = XCConfigurationList;
			buildConfigurations = (
				4D69ED072CA34C4800F878CC /* Debug */,
				4D69ED082CA34C4800F878CC /* Release */,
			);
			defaultConfigurationIsVisible = 0;
			defaultConfigurationName = Release;
		};
		4D69ED092CA34C4800F878CC /* Build configuration list for PBXNativeTarget "LastStandDefenseUITests" */ = {
			isa = XCConfigurationList;
			buildConfigurations = (
				4D69ED0A2CA34C4800F878CC /* Debug */,
				4D69ED0B2CA34C4800F878CC /* Release */,
			);
			defaultConfigurationIsVisible = 0;
			defaultConfigurationName = Release;
		};
/* End XCConfigurationList section */
	};
	rootObject = 4D69ECCE2CA34C4500F878CC /* Project object */;
}
